{"SurveyEntry":{"SurveyID":"SV_4GBKP9QODby3Ul7","SurveyName":"Movie Rental Survey","SurveyDescription":"Movie Rental Survey1","SurveyOwnerID":"URH_0BRWJ9SHFmSF1YM","SurveyBrandID":"utdallas","DivisionID":null,"SurveyLanguage":"EN","SurveyActiveResponseSet":"RS_0jEFMtKTCGzYdpj","SurveyStatus":"Inactive","SurveyStartDate":"0000-00-00 00:00:00","SurveyExpirationDate":"0000-00-00 00:00:00","SurveyCreationDate":"2015-10-19 15:43:55","CreatorID":"URH_0BRWJ9SHFmSF1YM","LastModified":"2017-09-07 14:31:42","LastAccessed":"0000-00-00 00:00:00","LastActivated":"0000-00-00 00:00:00","Deleted":null},"SurveyElements":[{"SurveyID":"SV_4GBKP9QODby3Ul7","Element":"BL","PrimaryAttribute":"Survey Blocks","SecondaryAttribute":null,"TertiaryAttribute":null,"Payload":{"1":{"Type":"Trash","Description":"Trash \/ Unused Questions","ID":"BL_2ujgYQ6pfb4C59i","BlockElements":[]},"3":{"Type":"Standard","Description":"Default Question Block","ID":"BL_a3JVDJYTBlGThxr","BlockElements":[{"Type":"Question","QuestionID":"QID171279958"},{"Type":"Page Break"},{"Type":"Question","QuestionID":"QID171279968"},{"Type":"Question","QuestionID":"QID171279969"},{"Type":"Question","QuestionID":"QID171279970"},{"Type":"Question","QuestionID":"QID171279971"},{"Type":"Question","QuestionID":"QID171279972"},{"Type":"Question","QuestionID":"QID171279973"},{"Type":"Question","QuestionID":"QID171279974"},{"Type":"Question","QuestionID":"QID171279975"},{"Type":"Question","QuestionID":"QID171279959"},{"Type":"Question","QuestionID":"QID171279960"},{"Type":"Question","QuestionID":"QID171279961"},{"Type":"Question","QuestionID":"QID171279962"},{"Type":"Question","QuestionID":"QID171279963"},{"Type":"Question","QuestionID":"QID171279964"},{"Type":"Question","QuestionID":"QID171279965"},{"Type":"Question","QuestionID":"QID171279966"},{"Type":"Question","QuestionID":"QID171279967"}]}}},{"SurveyID":"SV_4GBKP9QODby3Ul7","Element":"FL","PrimaryAttribute":"Survey Flow","SecondaryAttribute":null,"TertiaryAttribute":null,"Payload":{"Flow":[{"ID":"BL_a3JVDJYTBlGThxr","Type":"Standard","FlowID":"FL_3WaxbEWW8rTKBtH"}],"Properties":{"count":1,"Count":2},"FlowID":"FL_6J3xNbRxpPsDywR"}},{"SurveyID":"SV_4GBKP9QODby3Ul7","Element":"SO","PrimaryAttribute":"Survey Options","SecondaryAttribute":null,"TertiaryAttribute":null,"Payload":{"BackButton":"true","SaveandContinue":"true","SurveyLanguage":"EN","SurveyProtection":"PublicSurvey","BallotBoxStuffing":"false","SurveyExpiration":"None","SurveyTermination":"DefaultMessage","Header":"","Footer":"","ProgressBarDisplay":"None","SkinLibrary":"utdallas","SkinType":"MQ","Skin":"skin1","oldSystemID":"597","ExternalCSS":null,"PreviousButton":"  <<  ","NextButton":"  >>  ","CustomStyles":{"errorStyles":{"selector":".Skin .ValidationError","styles":{"color":null,"backgroundColor":null,"borderColor":null}},"errorStylesBG":{"selector":".Skin .HeaderValidationError, .Skin .HeaderValidationError li a","styles":{"color":null,"backgroundColor":null}},"pageStyles":{"selector":"#SurveyEngineBody","styles":{"backgroundColor":null}},"textStyles":{"selector":".SkinInner","styles":{"fontFamily":null,"fontSize":null,"fontWeight":null,"fontStyle":null,"textDecoration":null,"color":null}},"questionStyles":{"selector":".Skin .QuestionText","styles":{"fontFamily":null,"fontSize":null,"fontWeight":null,"fontStyle":null,"textDecoration":null,"color":null}},"choiceStyles":{"selector":".Skin .horizontalbar th.ylabel, .Skin .Matrix table td, .Skin .Matrix table th, .Skin .Matrix table thead th, .Skin .Matrix table thead td, .Skin .PGR .DragAndDrop .Items label, .Skin .QuestionBody ul.ChoiceStructure, .Skin .PGR .DragAndDrop .Group ul, .Skin .PGR .DragAndDrop .Group h2, .Skin .PGR .DragAndDrop .Items ul, .Skin .PGR .DragAndDrop .Items h2, .Skin .DD .QuestionBody table.ChoiceStructure, .Skin .PGR .DragAndDrop .NoColumns td.groupsContainerTd div ul, .Skin .PGR .DragAndDrop .NoColumns td.groupsContainerTd div h2, .Skin .SBS thead th, .Skin .SBS td, .Skin .SBS .Answers td, .Skin .SBS .Answers th, .SBS table.ChoiceStructure, .Skin .horizontalbar thead table.LabelDescriptions tr td, .Skin .horizontalbar thead tr td.NotApplicable, .QuestionBody th, .Skin .QuestionBody .MC .MAVR label, .Skin .QuestionBody .MC .SAVR label, .Skin .SBS thead th, .Skin .SBS td, .Skin .RO .DND ul li, .Skin .reg, .SkinInner .ChoiceStructure, .Skin thead, .Skin .GAP .ChoiceStructure thead th, .Skin .GAP .ChoiceStructure .c4, .Skin .GAP .ChoiceStructure th, .Skin .GAP .ChoiceStructure .WhyText, .SkinInner .ChoiceStructure .LightBG, .Skin .QuestionOuter.Highlight .Inner .reg, .Skin .QuestionOuter.Highlight .Inner .alt, .Skin .QuestionOuter.Highlight .Inner .ReadableAlt       ","styles":{"fontFamily":null,"fontSize":null,"fontWeight":null,"fontStyle":null,"textDecoration":null,"color":null}},"headerStyles":{"selector":".Skin div#Header","styles":{"color":null}},"footerStyles":{"selector":".Skin #Footer","styles":{"color":null}},"questionSeparatorStyles":{"selector":".Skin .Separator","styles":{"backgroundColor":null,"display":"block"}},"highlightStyles":{"selector":".Skin .QuestionOuter.Highlight .Inner, .Skin .QuestionOuter.Highlight .Inner .reg, .Skin .QuestionOuter.Highlight .Inner .alt, .Skin .QuestionOuter.Highlight .Inner .ReadableAlt","styles":{"backgroundColor":null}},"highlightStylesAlt":{"selector":".Skin .QuestionOuter.Highlight .Inner .ReadableAlt, .Skin .QuestionOuter.Highlight .Inner .LightBG","styles":{"backgroundColor":null}},"textEntryStyles":{"selector":".Skin select, .Skin .InputText","styles":{"color":null}},"borderStyles":{"selector":".Skin .CS .horizontalbar table.sliderGrid tr.xlabel th, .Skin .CS .horizontalbar .ylabel, .Skin .CS .horizontalbar table.sliderGrid tr td.value, .Skin .Slider .horizontalbar table.sliderGrid tr.xlabel th, .Skin .BorderColor, .Skin .DarkBorderColor, .Skin .Slider .horizontalbar table.sliderGrid tr td.value, .Skin thead, .Skin .GAP .ChoiceStructure thead th  ","styles":{"borderColor":null}},"altRowStyles":{"selector":".Skin .ReadableAlt, .Skin .LightBG","styles":{"backgroundColor":null}},"customCSS":null},"libraryId":"","nextButtonMid":"","previousButtonMid":"","headerMid":"","footerMid":"","QuestionsPerPage":"","HighlightQuestions":"on","SkinQuestionWidth":700,"SurveyCreationDate":"2014-12-10 13:37:44","NewScoring":1,"SurveyName":null,"PageTransition":"None"}},{"SurveyID":"SV_4GBKP9QODby3Ul7","Element":"SCO","PrimaryAttribute":"Scoring","SecondaryAttribute":null,"TertiaryAttribute":null,"Payload":{"ScoringCategories":[],"ScoringCategoryGroups":[],"ScoringSummaryCategory":null,"ScoringSummaryAfterQuestions":false,"ScoringSummaryAfterSurvey":false,"NextCategoryId":1,"NextGroupId":1,"DefaultScoringCategory":null,"ID":"Scoring"}},{"SurveyID":"SV_4GBKP9QODby3Ul7","Element":"QC","PrimaryAttribute":"Survey Question Count","SecondaryAttribute":"56","TertiaryAttribute":null,"Payload":null},{"SurveyID":"SV_4GBKP9QODby3Ul7","Element":"SQ","PrimaryAttribute":"QID171279958","SecondaryAttribute":"Dear Customer: \n\nThank you for giving us the opportunity to better serve you. Please help us by taki","TertiaryAttribute":null,"Payload":{"QuestionType":"DB","Selector":"PTB","QuestionDescription":"Dear Customer: \n\nThank you for giving us the opportunity to better serve you. Please help us by taki...","QuestionText":"Dear Customer:<br><br>\n\nThank you for giving us the opportunity to better serve you. &nbsp;Please help us  by taking a few minutes to tell us about the service that you have received so far. &nbsp;We appreciate your business and want to make sure we meet your expectations. &nbsp;Attached, you will find a coupon good for ...... We hope that you will accept this as a token of our good will.<br><br>\n\nSincerely,<br>\n\n[MANAGER_NAME]<br>\n\nManager&nbsp;","DataExportTag":"Q1","Configuration":{"QuestionDescriptionOption":"UseText"},"ChoiceOrder":[],"Language":[],"QuestionText_Unsafe":"Dear Customer:<br><br>\n\nThank you for giving us the opportunity to better serve you. &nbsp;Please help us  by taking a few minutes to tell us about the service that you have received so far. &nbsp;We appreciate your business and want to make sure we meet your expectations. &nbsp;Attached, you will find a coupon good for ...... We hope that you will accept this as a token of our good will.<br><br>\n\nSincerely,<br>\n\n[MANAGER_NAME]<br>\n\nManager&nbsp;","QuestionID":"QID171279958"}},{"SurveyID":"SV_4GBKP9QODby3Ul7","Element":"RS","PrimaryAttribute":"RS_0jEFMtKTCGzYdpj","SecondaryAttribute":"Default Response Set","TertiaryAttribute":null,"Payload":null},{"SurveyID":"SV_4GBKP9QODby3Ul7","Element":"SQ","PrimaryAttribute":"QID171279974","SecondaryAttribute":"Do you feel comforable downloading softw","TertiaryAttribute":null,"Payload":{"QuestionType":"MC","Selector":"SAVR","SubSelector":"TX","Randomization":{"Type":"None"},"Validation":{"Settings":{"Type":"None"}},"AnalysisType":{"Type":"TableOnly"},"QuestionDescription":"Do you feel comforable downloading softw","DataExportTag":"Q8","QuestionText":" Do you feel comforable downloading software over the internet?","Choices":[{"Display":"Yes "},{"Display":"No"}],"Configuration":{"VariableCount":2},"QuestionText_Unsafe":" Do you feel comforable downloading software over the internet?","QuestionID":"QID171279974"}},{"SurveyID":"SV_4GBKP9QODby3Ul7","Element":"SQ","PrimaryAttribute":"QID171279973","SecondaryAttribute":"Do you feel comfortable purchasing software over the internet? ","TertiaryAttribute":null,"Payload":{"QuestionType":"MC","Selector":"SAVR","SubSelector":"TX","Randomization":{"Type":"None"},"Validation":{"Settings":{"ForceResponseType":"ON","Type":"None"}},"AnalysisType":{"Type":"TableOnly"},"QuestionDescription":"Do you feel comfortable purchasing software over the internet? ","DataExportTag":"Q7","QuestionText":" Do you feel comfortable purchasing software over the internet?&nbsp;","Choices":[{"Display":"Yes"},{"Display":"No"}],"Configuration":{"VariableCount":2,"QuestionDescriptionOption":"UseText"},"ChoiceOrder":["0","1"],"Language":[],"QuestionText_Unsafe":" Do you feel comfortable purchasing software over the internet?&nbsp;","QuestionID":"QID171279973"}},{"SurveyID":"SV_4GBKP9QODby3Ul7","Element":"SQ","PrimaryAttribute":"QID171279961","SecondaryAttribute":"Do you mainly purchase or rent movies yo","TertiaryAttribute":null,"Payload":{"QuestionType":"MC","Selector":"SAVR","SubSelector":"TX","Randomization":{"Type":"None"},"Validation":{"Settings":{"Type":"None"}},"AnalysisType":{"Type":"TableOnly"},"QuestionDescription":"Do you mainly purchase or rent movies yo","DataExportTag":"Q12","QuestionText":" Do you mainly purchase or rent movies you view?","Choices":[{"Display":"Purchase"},{"Display":"Rent"}],"Configuration":{"VariableCount":2},"QuestionText_Unsafe":" Do you mainly purchase or rent movies you view?","QuestionID":"QID171279961"}},{"SurveyID":"SV_4GBKP9QODby3Ul7","Element":"LBLK","PrimaryAttribute":"LS_3q7X4zQe6g5hiIJ","SecondaryAttribute":"GR_0rJTu2lC3cYWmrO","TertiaryAttribute":null,"Payload":null},{"SurveyID":"SV_4GBKP9QODby3Ul7","Element":"SQ","PrimaryAttribute":"QID171279962","SecondaryAttribute":"How much to you spend renting and\/or buy","TertiaryAttribute":null,"Payload":{"QuestionType":"MC","Selector":"SAVR","SubSelector":"TX","Randomization":{"Type":"None"},"Validation":{"Settings":{"Type":"None"}},"AnalysisType":{"Type":"TableOnly"},"QuestionDescription":"How much to you spend renting and\/or buy","DataExportTag":"Q13","QuestionText":" How much to you spend renting and\/or buying movies per month?","Choices":[{"Display":"$0-$19"},{"Display":"$20-$29"},{"Display":"$30-$39"},{"Display":"$40+"}],"Configuration":{"VariableCount":4},"QuestionText_Unsafe":" How much to you spend renting and\/or buying movies per month?","QuestionID":"QID171279962"}},{"SurveyID":"SV_4GBKP9QODby3Ul7","Element":"SQ","PrimaryAttribute":"QID171279972","SecondaryAttribute":"How much would you expect a software tool to cost that allowed you to control and manipulate video a","TertiaryAttribute":null,"Payload":{"QuestionType":"MC","Selector":"SAHR","SubSelector":"TX","Randomization":{"Type":"None"},"Validation":{"Settings":{"ForceResponseType":"ON","Type":"None"}},"AnalysisType":{"Type":"TableOnly"},"QuestionDescription":"How much would you expect a software tool to cost that allowed you to control and manipulate video a...","DataExportTag":"Q6","QuestionText":" How much would you expect a software tool to cost that allowed you to control and manipulate video and sound content in movies?&nbsp;","Choices":{"1":{"Display":"$50-$99"},"2":{"Display":"$100-$149"},"3":{"Display":"$150-$199"},"4":{"Display":"$200-$249"},"5":{"Display":"$250+"}},"Configuration":{"VariableCount":5,"QuestionDescriptionOption":"UseText","LabelPosition":"BELOW"},"ChoiceOrder":["1","2","3","4","5"],"Language":[],"QuestionText_Unsafe":" How much would you expect a software tool to cost that allowed you to control and manipulate video and sound content in movies?&nbsp;","QuestionID":"QID171279972"}},{"SurveyID":"SV_4GBKP9QODby3Ul7","Element":"SQ","PrimaryAttribute":"QID171279971","SecondaryAttribute":"If this software existed, how much would","TertiaryAttribute":null,"Payload":{"QuestionType":"MC","Selector":"SAHR","SubSelector":"TX","Randomization":{"Type":"None"},"Validation":{"Settings":{"Type":"None"}},"AnalysisType":{"Type":"TableOnly"},"QuestionDescription":"If this software existed, how much would","DataExportTag":"Q5","QuestionText":" If this software existed, how much would you expect it to cost?","Choices":{"1":{"Display":"$50-$99"},"2":{"Display":"$100-$149"},"3":{"Display":"$150-199"},"4":{"Display":"$200-$249"},"5":{"Display":"$250+"}},"Configuration":{"VariableCount":5},"QuestionText_Unsafe":" If this software existed, how much would you expect it to cost?","QuestionID":"QID171279971"}},{"SurveyID":"SV_4GBKP9QODby3Ul7","Element":"SQ","PrimaryAttribute":"QID171279975","SecondaryAttribute":"If you purchase software from the internet, which do you prefer? ","TertiaryAttribute":null,"Payload":{"QuestionType":"MC","Selector":"SAVR","SubSelector":"TX","Randomization":{"Type":"None"},"Validation":{"Settings":{"ForceResponseType":"ON","Type":"None"}},"AnalysisType":{"Type":"TableOnly"},"QuestionDescription":"If you purchase software from the internet, which do you prefer? ","DataExportTag":"Q9","QuestionText":" If you purchase software from the internet, which do you prefer?&nbsp;","Choices":[{"Display":"To receive a hard copy of the software in CD format"},{"Display":"The ability to burn your own CD and print your own manual"},{"Display":"I prefer to only keep a soft-copy downloaded on my computer"}],"Configuration":{"VariableCount":3,"QuestionDescriptionOption":"UseText"},"ChoiceOrder":["0","1","2"],"Language":[],"QuestionText_Unsafe":" If you purchase software from the internet, which do you prefer?&nbsp;","QuestionID":"QID171279975"}},{"SurveyID":"SV_4GBKP9QODby3Ul7","Element":"SQ","PrimaryAttribute":"QID171279964","SecondaryAttribute":"What is your age? ","TertiaryAttribute":null,"Payload":{"QuestionType":"MC","Selector":"DL","Randomization":{"Type":"None"},"Validation":{"Settings":{"ForceResponseType":"ON","Type":"None"}},"AnalysisType":{"Type":"TableOnly"},"QuestionDescription":"What is your age? ","DataExportTag":"Q15","QuestionText":" What is your age?&nbsp;","Choices":{"1":{"Display":"18"},"2":{"Display":"19"},"3":{"Display":"20"},"4":{"Display":"21"},"5":{"Display":"22"},"6":{"Display":"23"},"7":{"Display":"24"},"8":{"Display":"25"},"9":{"Display":"26"},"10":{"Display":"27"},"11":{"Display":"28"},"12":{"Display":"29"},"13":{"Display":"30"},"14":{"Display":"31"},"15":{"Display":"32"},"16":{"Display":"33"},"17":{"Display":"34"},"18":{"Display":"35"},"19":{"Display":"36"},"20":{"Display":"37"},"21":{"Display":"38"},"22":{"Display":"39"},"23":{"Display":"40"},"24":{"Display":"41"},"25":{"Display":"42"},"26":{"Display":"43"},"27":{"Display":"44"},"28":{"Display":"45"},"29":{"Display":"46"},"30":{"Display":"47"},"31":{"Display":"48"},"32":{"Display":"49"},"33":{"Display":"50"},"34":{"Display":"51"},"35":{"Display":"52"},"36":{"Display":"53"},"37":{"Display":"54"},"38":{"Display":"55"},"39":{"Display":"56"},"40":{"Display":"57"},"41":{"Display":"58"},"42":{"Display":"59"},"43":{"Display":"60"},"44":{"Display":"61"},"45":{"Display":"62"},"46":{"Display":"63"},"47":{"Display":"64"},"48":{"Display":"65"},"49":{"Display":"66"},"50":{"Display":"67"},"51":{"Display":"68"},"52":{"Display":"69"},"53":{"Display":"70"},"54":{"Display":"71"},"55":{"Display":"72"},"56":{"Display":"73"},"57":{"Display":"74"},"58":{"Display":"75"},"59":{"Display":"76"},"60":{"Display":"77"},"61":{"Display":"78"},"62":{"Display":"79"},"63":{"Display":"80"},"64":{"Display":"81"},"65":{"Display":"82"},"66":{"Display":"83"},"67":{"Display":"84"},"68":{"Display":"85"},"69":{"Display":"86"},"70":{"Display":"87"},"71":{"Display":"88"},"72":{"Display":"89"},"73":{"Display":"90 or older"}},"Configuration":{"VariableCount":100,"QuestionDescriptionOption":"UseText"},"ChoiceOrder":[1,2,3,4,5,6,7,8,9,10,11,12,13,14,15,16,17,18,19,20,21,22,23,24,25,26,27,28,29,30,31,32,33,34,35,36,37,38,39,40,41,42,43,44,45,46,47,48,49,50,51,52,53,54,55,56,57,58,59,60,61,62,63,64,65,66,67,68,69,70,71,72,73],"Language":[],"GradingData":[],"QuestionText_Unsafe":" What is your age?&nbsp;","QuestionID":"QID171279964"}},{"SurveyID":"SV_4GBKP9QODby3Ul7","Element":"SQ","PrimaryAttribute":"QID171279967","SecondaryAttribute":"What is your approximate annual family o","TertiaryAttribute":null,"Payload":{"QuestionType":"MC","Selector":"SAVR","SubSelector":"TX","Randomization":{"Type":"None"},"Validation":{"Settings":{"Type":"None"}},"AnalysisType":{"Type":"TableOnly"},"QuestionDescription":"What is your approximate annual family o","DataExportTag":"Q18","QuestionText":" What is your approximate annual family or single household income?","Choices":[{"Display":"$0-$29,999"},{"Display":"$30,000-$59,999"},{"Display":"$60,000-$89,999"},{"Display":"$90,000+"}],"Configuration":{"VariableCount":4},"QuestionText_Unsafe":" What is your approximate annual family or single household income?","QuestionID":"QID171279967"}},{"SurveyID":"SV_4GBKP9QODby3Ul7","Element":"SQ","PrimaryAttribute":"QID171279965","SecondaryAttribute":"What is your gender? ","TertiaryAttribute":null,"Payload":{"QuestionType":"MC","Selector":"SAVR","SubSelector":"TX","Randomization":{"Type":"None"},"Validation":{"Settings":{"ForceResponseType":"ON","Type":"None"}},"AnalysisType":{"Type":"TableOnly"},"QuestionDescription":"What is your gender? ","DataExportTag":"Q16","QuestionText":" What is your gender?&nbsp;","Choices":[{"Display":"Male"},{"Display":"Female"}],"Configuration":{"VariableCount":2,"QuestionDescriptionOption":"UseText"},"ChoiceOrder":["0","1"],"Language":[],"QuestionText_Unsafe":" What is your gender?&nbsp;","QuestionID":"QID171279965"}},{"SurveyID":"SV_4GBKP9QODby3Ul7","Element":"SQ","PrimaryAttribute":"QID171279966","SecondaryAttribute":"What is your marital status? ","TertiaryAttribute":null,"Payload":{"QuestionType":"MC","Selector":"SAVR","SubSelector":"TX","Randomization":{"Type":"None"},"Validation":{"Settings":{"ForceResponseType":"ON","Type":"None"}},"AnalysisType":{"Type":"TableOnly"},"QuestionDescription":"What is your marital status? ","DataExportTag":"Q17","QuestionText":" What is your marital status?&nbsp;","Choices":[{"Display":"Married with 1 or more kids"},{"Display":"Married without kids"},{"Display":"Single with 1 or more kids"},{"Display":"Single without kids"}],"Configuration":{"VariableCount":4,"QuestionDescriptionOption":"UseText"},"ChoiceOrder":["0","1","2","3"],"Language":[],"QuestionText_Unsafe":" What is your marital status?&nbsp;","QuestionID":"QID171279966"}},{"SurveyID":"SV_4GBKP9QODby3Ul7","Element":"SQ","PrimaryAttribute":"QID171279960","SecondaryAttribute":"What type of DVD player do you own?","TertiaryAttribute":null,"Payload":{"QuestionType":"MC","Selector":"SAVR","SubSelector":"TX","Randomization":{"Type":"None"},"Validation":{"Settings":{"ForceResponseType":"ON","Type":"None"}},"AnalysisType":{"Type":"TableOnly"},"QuestionDescription":"What type of DVD player do you own?","DataExportTag":"Q11","QuestionText":" What type of DVD player do you own?","Choices":{"1":{"Display":"PC DVD-ROM"},"2":{"Display":"Macintosh DVD-ROM"},"3":{"Display":"Sony PlayStation 2\/Microsoft X-Box"},"4":{"Display":"Console Top DVD player"},"5":{"Display":"None"},"6":{"Display":"Other","TextEntry":"true"}},"Configuration":{"VariableCount":5,"QuestionDescriptionOption":"UseText"},"ChoiceOrder":[1,2,3,4,5,6],"Language":[],"QuestionText_Unsafe":" What type of DVD player do you own?","QuestionID":"QID171279960"}},{"SurveyID":"SV_4GBKP9QODby3Ul7","Element":"SQ","PrimaryAttribute":"QID171279969","SecondaryAttribute":"When would you purchase a DVD player if you don't already own one?","TertiaryAttribute":null,"Payload":{"QuestionType":"MC","Selector":"SAVR","SubSelector":"TX","Randomization":{"Type":"None"},"Validation":{"Settings":{"ForceResponseType":"ON","Type":"None"}},"AnalysisType":{"Type":"TableOnly"},"QuestionDescription":"When would you purchase a DVD player if you don't already own one?","DataExportTag":"Q3","QuestionText":" When would you purchase a DVD player if you don't already own one?","Choices":{"1":{"Display":"In the next 6 months"},"2":{"Display":"1 year"},"3":{"Display":"2 years"},"4":{"Display":"Already own a DVD player"},"5":{"Display":"Never"}},"Configuration":{"VariableCount":5,"QuestionDescriptionOption":"UseText"},"ChoiceOrder":["1","2","3","4","5"],"Language":[],"QuestionText_Unsafe":" When would you purchase a DVD player if you don't already own one?","QuestionID":"QID171279969"}},{"SurveyID":"SV_4GBKP9QODby3Ul7","Element":"SQ","PrimaryAttribute":"QID171279959","SecondaryAttribute":"Where would you rather purchase software from? ","TertiaryAttribute":null,"Payload":{"QuestionType":"MC","Selector":"SAVR","SubSelector":"TX","Randomization":{"Type":"None"},"Validation":{"Settings":{"ForceResponseType":"ON","Type":"None"}},"AnalysisType":{"Type":"TableOnly"},"QuestionDescription":"Where would you rather purchase software from? ","DataExportTag":"Q10","QuestionText":" Where would you rather purchase software from?&nbsp;","Choices":[{"Display":"A store"},{"Display":"The internet"},{"Display":"No preference"}],"Configuration":{"VariableCount":3,"QuestionDescriptionOption":"UseText"},"ChoiceOrder":["0","1","2"],"Language":[],"QuestionText_Unsafe":" Where would you rather purchase software from?&nbsp;","QuestionID":"QID171279959"}},{"SurveyID":"SV_4GBKP9QODby3Ul7","Element":"SQ","PrimaryAttribute":"QID171279968","SecondaryAttribute":"Which of the following do you agree with?","TertiaryAttribute":null,"Payload":{"QuestionType":"Matrix","Selector":"Likert","SubSelector":"SingleAnswer","Randomization":{"Type":"None"},"Validation":{"Settings":{"ForceResponseType":"ON","Type":"None"}},"AnalysisType":{"Type":"TableOnly"},"QuestionDescription":"Which of the following do you agree with?","DataExportTag":"Q2","QuestionText":"Which of the following do you agree with?","Choices":[{"Display":"I generally rent movies."},{"Display":"I usually enjoy rated R films more than I enjoy PG -13, PG, or G movies."},{"Display":"Students\/kids viewing too many murders and crimes in movies has increased the number of crimes amongst youth."},{"Display":"Movies without violence are less appealing to me."},{"Display":"Profanity is not needed in films."},{"Display":"Sexual content in movies makes them more entertaining."},{"Display":"Movies are a direct reflection of the values in today's American Society."},{"Display":"I find nudity to be acceptable in movies."},{"Display":"I would be interested in software that gives me the option to control the sexual content, profanity, and violence in DVD movies."},{"Display":"Based upon the premise that the software existed to give me more control and added features for movies on DVD format, I would purchase a DVD player for this purpose."},{"Display":"As a parent, I would like more control over what my children watch in movies (if not a parent, answer as if you were one)."},{"Display":"I generally buy movies."}],"Configuration":{"VariableCount":12,"QuestionDescriptionOption":"UseText","TextPosition":"inline","ChoiceColumnWidthPixels":162,"RepeatHeaders":"none","WhiteSpace":"OFF"},"Answers":[{"Display":"Strongly Disagree"},{"Display":"Disagree"},{"Display":"Neutral"},{"Display":"Agree"},{"Display":"Strongly Agree"}],"ChoiceOrder":["0","1","2","3","4","5","6","7","8","9","10","11"],"Language":[],"AnswerOrder":["0","1","2","3","4"],"ChoiceDataExportTags":false,"QuestionText_Unsafe":"Which of the following do you agree with?","QuestionID":"QID171279968"}},{"SurveyID":"SV_4GBKP9QODby3Ul7","Element":"SQ","PrimaryAttribute":"QID171279963","SecondaryAttribute":"Which state do you live in?","TertiaryAttribute":null,"Payload":{"QuestionType":"MC","Selector":"DL","SubSelector":null,"Randomization":{"Type":"None"},"Validation":{"Settings":{"Type":"None"}},"AnalysisType":{"Type":"TableOnly"},"QuestionDescription":"Which state do you live in?","DataExportTag":"Q14","QuestionText":" Which state do you live in?","Choices":[{"Display":"Alabama"},{"Display":"Alaska"},{"Display":"Arizona"},{"Display":"Arkansas"},{"Display":"California"},{"Display":"Colorado"},{"Display":"Connecticut"},{"Display":"Delaware"},{"Display":"Florida"},{"Display":"Georgia"},{"Display":"Hawaii"},{"Display":"Idaho"},{"Display":"Illinois"},{"Display":"Indiana"},{"Display":"Iowa"},{"Display":"Kansas"},{"Display":"Kentucky"},{"Display":"Louisiana"},{"Display":"Maine"},{"Display":"Maryland"},{"Display":"Massachusetts"},{"Display":"Michigan"},{"Display":"Minnesota"},{"Display":"Mississippi"},{"Display":"Missouri"},{"Display":"Montana"},{"Display":"Nebraska"},{"Display":"Nevada"},{"Display":"New Hampshire"},{"Display":"New Jersey"},{"Display":"New Mexico"},{"Display":"New York"},{"Display":"North Carolina"},{"Display":"North Dakota"},{"Display":"Ohio"},{"Display":"Oklahoma"},{"Display":"Oregon"},{"Display":"Pennsylvania"},{"Display":"Rhode Island"},{"Display":"South Carolina"},{"Display":"South Dakota"},{"Display":"Tennessee"},{"Display":"Texas"},{"Display":"Utah"},{"Display":"Vermont"},{"Display":"Virginia"},{"Display":"Washington"},{"Display":"West Virginia"},{"Display":"Wisconsin"},{"Display":"Wyoming"}],"Configuration":{"VariableCount":50},"QuestionText_Unsafe":" Which state do you live in?","QuestionID":"QID171279963"}},{"SurveyID":"SV_4GBKP9QODby3Ul7","Element":"SQ","PrimaryAttribute":"QID171279970","SecondaryAttribute":"Would you be interested in software that allows you to have control over profanity, nudity, and viol","TertiaryAttribute":null,"Payload":{"QuestionType":"MC","Selector":"SAHR","SubSelector":"TX","Randomization":{"Type":"None"},"Validation":{"Settings":{"ForceResponseType":"ON","Type":"None"}},"AnalysisType":{"Type":"TableOnly"},"QuestionDescription":"Would you be interested in software that allows you to have control over profanity, nudity, and viol...","DataExportTag":"Q4","QuestionText":" Would you be interested in software that allows you to have control over profanity, nudity, and violence in movies?","Choices":{"1":{"Display":"Yes"},"2":{"Display":"No"}},"Configuration":{"VariableCount":2,"QuestionDescriptionOption":"UseText","LabelPosition":"BELOW"},"ChoiceOrder":["1","2"],"Language":[],"QuestionText_Unsafe":" Would you be interested in software that allows you to have control over profanity, nudity, and violence in movies?","QuestionID":"QID171279970"}}]}